
Microsoft Visual Studio Solution File, Format Version 12.00
# Visual Studio 15
VisualStudioVersion = 15.0.28010.2041
MinimumVisualStudioVersion = 10.0.40219.1
Project("{2150E333-8FDC-42A3-9474-1A3956D46DE8}") = "Cloud", "Cloud", "{F470C45E-A848-4D5F-A898-9439C105B2C4}"
EndProject
Project("{2150E333-8FDC-42A3-9474-1A3956D46DE8}") = "Classes", "Classes", "{313108F2-AB62-4BA6-8F06-9D33A4CFAE2B}"
EndProject
Project("{2150E333-8FDC-42A3-9474-1A3956D46DE8}") = "Tests", "Tests", "{3BBD55CD-77AC-40AD-955B-846E35197D59}"
EndProject
Project("{9A19103F-16F7-4668-BE54-9A1E7A4F7556}") = "ContentLib", "Classes\ContentLib\ContentLib.csproj", "{A4680346-E104-4368-853F-40F5641727C5}"
EndProject
Project("{9A19103F-16F7-4668-BE54-9A1E7A4F7556}") = "DataStructLib", "Classes\DataStructLibs\DataStructLib.csproj", "{11D22EDE-7080-4707-AFCA-3A3CF1C666E5}"
EndProject
Project("{9A19103F-16F7-4668-BE54-9A1E7A4F7556}") = "UnitTest", "Tests\UnitTest\UnitTest.csproj", "{CF76C402-2934-4180-9173-EB985536833C}"
EndProject
Project("{9A19103F-16F7-4668-BE54-9A1E7A4F7556}") = "HoundCmdLineDriver", "Tests\HoundCmdLineDriver\HoundCmdLineDriver.csproj", "{4E561A71-68C3-41A4-95F0-4179DAF691A5}"
EndProject
Project("{9A19103F-16F7-4668-BE54-9A1E7A4F7556}") = "ParserLib", "Classes\ParserLib\ParserLib.csproj", "{EDAFD8C8-18B0-4160-A7B3-CCC7D2BE2DBD}"
EndProject
Project("{9A19103F-16F7-4668-BE54-9A1E7A4F7556}") = "ParserController", "Classes\ParserController\ParserController.csproj", "{2D72FAC9-CB37-41D9-A400-68BCD5CEB1DC}"
EndProject
Global
	GlobalSection(SolutionConfigurationPlatforms) = preSolution
		Debug|Any CPU = Debug|Any CPU
		Release|Any CPU = Release|Any CPU
	EndGlobalSection
	GlobalSection(ProjectConfigurationPlatforms) = postSolution
		{A4680346-E104-4368-853F-40F5641727C5}.Debug|Any CPU.ActiveCfg = Debug|Any CPU
		{A4680346-E104-4368-853F-40F5641727C5}.Debug|Any CPU.Build.0 = Debug|Any CPU
		{A4680346-E104-4368-853F-40F5641727C5}.Release|Any CPU.ActiveCfg = Release|Any CPU
		{A4680346-E104-4368-853F-40F5641727C5}.Release|Any CPU.Build.0 = Release|Any CPU
		{11D22EDE-7080-4707-AFCA-3A3CF1C666E5}.Debug|Any CPU.ActiveCfg = Debug|Any CPU
		{11D22EDE-7080-4707-AFCA-3A3CF1C666E5}.Debug|Any CPU.Build.0 = Debug|Any CPU
		{11D22EDE-7080-4707-AFCA-3A3CF1C666E5}.Release|Any CPU.ActiveCfg = Release|Any CPU
		{11D22EDE-7080-4707-AFCA-3A3CF1C666E5}.Release|Any CPU.Build.0 = Release|Any CPU
		{CF76C402-2934-4180-9173-EB985536833C}.Debug|Any CPU.ActiveCfg = Debug|Any CPU
		{CF76C402-2934-4180-9173-EB985536833C}.Debug|Any CPU.Build.0 = Debug|Any CPU
		{CF76C402-2934-4180-9173-EB985536833C}.Release|Any CPU.ActiveCfg = Release|Any CPU
		{CF76C402-2934-4180-9173-EB985536833C}.Release|Any CPU.Build.0 = Release|Any CPU
		{4E561A71-68C3-41A4-95F0-4179DAF691A5}.Debug|Any CPU.ActiveCfg = Debug|Any CPU
		{4E561A71-68C3-41A4-95F0-4179DAF691A5}.Debug|Any CPU.Build.0 = Debug|Any CPU
		{4E561A71-68C3-41A4-95F0-4179DAF691A5}.Release|Any CPU.ActiveCfg = Release|Any CPU
		{4E561A71-68C3-41A4-95F0-4179DAF691A5}.Release|Any CPU.Build.0 = Release|Any CPU
		{EDAFD8C8-18B0-4160-A7B3-CCC7D2BE2DBD}.Debug|Any CPU.ActiveCfg = Debug|Any CPU
		{EDAFD8C8-18B0-4160-A7B3-CCC7D2BE2DBD}.Debug|Any CPU.Build.0 = Debug|Any CPU
		{EDAFD8C8-18B0-4160-A7B3-CCC7D2BE2DBD}.Release|Any CPU.ActiveCfg = Release|Any CPU
		{EDAFD8C8-18B0-4160-A7B3-CCC7D2BE2DBD}.Release|Any CPU.Build.0 = Release|Any CPU
		{2D72FAC9-CB37-41D9-A400-68BCD5CEB1DC}.Debug|Any CPU.ActiveCfg = Debug|Any CPU
		{2D72FAC9-CB37-41D9-A400-68BCD5CEB1DC}.Debug|Any CPU.Build.0 = Debug|Any CPU
		{2D72FAC9-CB37-41D9-A400-68BCD5CEB1DC}.Release|Any CPU.ActiveCfg = Release|Any CPU
		{2D72FAC9-CB37-41D9-A400-68BCD5CEB1DC}.Release|Any CPU.Build.0 = Release|Any CPU
	EndGlobalSection
	GlobalSection(SolutionProperties) = preSolution
		HideSolutionNode = FALSE
	EndGlobalSection
	GlobalSection(NestedProjects) = preSolution
		{A4680346-E104-4368-853F-40F5641727C5} = {313108F2-AB62-4BA6-8F06-9D33A4CFAE2B}
		{11D22EDE-7080-4707-AFCA-3A3CF1C666E5} = {313108F2-AB62-4BA6-8F06-9D33A4CFAE2B}
		{CF76C402-2934-4180-9173-EB985536833C} = {3BBD55CD-77AC-40AD-955B-846E35197D59}
		{4E561A71-68C3-41A4-95F0-4179DAF691A5} = {3BBD55CD-77AC-40AD-955B-846E35197D59}
		{EDAFD8C8-18B0-4160-A7B3-CCC7D2BE2DBD} = {313108F2-AB62-4BA6-8F06-9D33A4CFAE2B}
		{2D72FAC9-CB37-41D9-A400-68BCD5CEB1DC} = {313108F2-AB62-4BA6-8F06-9D33A4CFAE2B}
	EndGlobalSection
	GlobalSection(ExtensibilityGlobals) = postSolution
		SolutionGuid = {FA8C0CDC-F410-4C89-BE90-9988936B9839}
	EndGlobalSection
EndGlobal
